
Microsoft Visual Studio Solution File, Format Version 12.00
# Visual Studio 14
VisualStudioVersion = 14.0.25123.0
MinimumVisualStudioVersion = 10.0.40219.1
Project("{FAE04EC0-301F-11D3-BF4B-00C04F79EFBC}") = "WorkTest-ShannenValerieTan", "WorkTest-ShannenValerieTan\WorkTest-ShannenValerieTan.csproj", "{C58C9FCC-FC05-4DA8-A543-6965BEE79D23}"
EndProject
Project("{00D1A9C2-B5F0-4AF3-8072-F6C62B433612}") = "WorkTest", "WorkTest\WorkTest.sqlproj", "{8FD02D5A-64E4-4252-B1DD-5A8344BC966C}"
EndProject
Global
	GlobalSection(SolutionConfigurationPlatforms) = preSolution
		Debug|Any CPU = Debug|Any CPU
		Release|Any CPU = Release|Any CPU
	EndGlobalSection
	GlobalSection(ProjectConfigurationPlatforms) = postSolution
		{C58C9FCC-FC05-4DA8-A543-6965BEE79D23}.Debug|Any CPU.ActiveCfg = Debug|Any CPU
		{C58C9FCC-FC05-4DA8-A543-6965BEE79D23}.Debug|Any CPU.Build.0 = Debug|Any CPU
		{C58C9FCC-FC05-4DA8-A543-6965BEE79D23}.Release|Any CPU.ActiveCfg = Release|Any CPU
		{C58C9FCC-FC05-4DA8-A543-6965BEE79D23}.Release|Any CPU.Build.0 = Release|Any CPU
		{8FD02D5A-64E4-4252-B1DD-5A8344BC966C}.Debug|Any CPU.ActiveCfg = Debug|Any CPU
		{8FD02D5A-64E4-4252-B1DD-5A8344BC966C}.Debug|Any CPU.Build.0 = Debug|Any CPU
		{8FD02D5A-64E4-4252-B1DD-5A8344BC966C}.Debug|Any CPU.Deploy.0 = Debug|Any CPU
		{8FD02D5A-64E4-4252-B1DD-5A8344BC966C}.Release|Any CPU.ActiveCfg = Release|Any CPU
		{8FD02D5A-64E4-4252-B1DD-5A8344BC966C}.Release|Any CPU.Build.0 = Release|Any CPU
		{8FD02D5A-64E4-4252-B1DD-5A8344BC966C}.Release|Any CPU.Deploy.0 = Release|Any CPU
	EndGlobalSection
	GlobalSection(SolutionProperties) = preSolution
		HideSolutionNode = FALSE
	EndGlobalSection
EndGlobal
